
Microsoft Visual Studio Solution File, Format Version 12.00
# Visual Studio Version 17
VisualStudioVersion = 17.2.32519.379
MinimumVisualStudioVersion = 10.0.40219.1
Project("{FAE04EC0-301F-11D3-BF4B-00C04F79EFBC}") = "MongoDB.Practics.API", "MongoDB.Practics.API\MongoDB.Practics.API.csproj", "{317402EC-2CEE-45ED-8DFD-406C338A1E7F}"
EndProject
Project("{FAE04EC0-301F-11D3-BF4B-00C04F79EFBC}") = "MongoDB.Practics.Data", "MongoDB.Practics.Data\MongoDB.Practics.Data.csproj", "{0E08971F-7CF8-4279-82A8-2C95D3707243}"
EndProject
Global
	GlobalSection(SolutionConfigurationPlatforms) = preSolution
		Debug|Any CPU = Debug|Any CPU
		Release|Any CPU = Release|Any CPU
	EndGlobalSection
	GlobalSection(ProjectConfigurationPlatforms) = postSolution
		{317402EC-2CEE-45ED-8DFD-406C338A1E7F}.Debug|Any CPU.ActiveCfg = Debug|Any CPU
		{317402EC-2CEE-45ED-8DFD-406C338A1E7F}.Debug|Any CPU.Build.0 = Debug|Any CPU
		{317402EC-2CEE-45ED-8DFD-406C338A1E7F}.Release|Any CPU.ActiveCfg = Release|Any CPU
		{317402EC-2CEE-45ED-8DFD-406C338A1E7F}.Release|Any CPU.Build.0 = Release|Any CPU
		{0E08971F-7CF8-4279-82A8-2C95D3707243}.Debug|Any CPU.ActiveCfg = Debug|Any CPU
		{0E08971F-7CF8-4279-82A8-2C95D3707243}.Debug|Any CPU.Build.0 = Debug|Any CPU
		{0E08971F-7CF8-4279-82A8-2C95D3707243}.Release|Any CPU.ActiveCfg = Release|Any CPU
		{0E08971F-7CF8-4279-82A8-2C95D3707243}.Release|Any CPU.Build.0 = Release|Any CPU
	EndGlobalSection
	GlobalSection(SolutionProperties) = preSolution
		HideSolutionNode = FALSE
	EndGlobalSection
	GlobalSection(ExtensibilityGlobals) = postSolution
		SolutionGuid = {B8C1846C-4298-412E-88F0-1DF6FD80EDDC}
	EndGlobalSection
EndGlobal
